
Microsoft Visual Studio Solution File, Format Version 12.00
# Visual Studio Version 17
VisualStudioVersion = 17.14.36616.10 d17.14
MinimumVisualStudioVersion = 10.0.40219.1
Project("{FAE04EC0-301F-11D3-BF4B-00C04F79EFBC}") = "Locadora.Api", "Locadora.Api\Locadora.Api.csproj", "{53EFC988-937E-44DF-8423-B833658A4E3A}"
EndProject
Global
	GlobalSection(SolutionConfigurationPlatforms) = preSolution
		Debug|Any CPU = Debug|Any CPU
		Release|Any CPU = Release|Any CPU
	EndGlobalSection
	GlobalSection(ProjectConfigurationPlatforms) = postSolution
		{53EFC988-937E-44DF-8423-B833658A4E3A}.Debug|Any CPU.ActiveCfg = Debug|Any CPU
		{53EFC988-937E-44DF-8423-B833658A4E3A}.Debug|Any CPU.Build.0 = Debug|Any CPU
		{53EFC988-937E-44DF-8423-B833658A4E3A}.Release|Any CPU.ActiveCfg = Release|Any CPU
		{53EFC988-937E-44DF-8423-B833658A4E3A}.Release|Any CPU.Build.0 = Release|Any CPU
	EndGlobalSection
	GlobalSection(SolutionProperties) = preSolution
		HideSolutionNode = FALSE
	EndGlobalSection
	GlobalSection(ExtensibilityGlobals) = postSolution
		SolutionGuid = {B9B6BAD1-DD12-44A7-AFD6-B6E5C84EE88B}
	EndGlobalSection
EndGlobal
